# THIS IS AN AUTOGENERATED FILE. DO NOT EDIT THIS FILE DIRECTLY.
# yarn lockfile v1


"@esbuild/android-arm64@0.16.16":
  version "0.16.16"
  resolved "https://registry.yarnpkg.com/@esbuild/android-arm64/-/android-arm64-0.16.16.tgz#833184b8a0a96f9c85105c53d0a67e6d3c5c3f07"
  integrity sha512-hFHVAzUKp9Tf8psGq+bDVv+6hTy1bAOoV/jJMUWwhUnIHsh6WbFMhw0ZTkqDuh7TdpffFoHOiIOIxmHc7oYRBQ==

"@esbuild/android-arm@0.16.16":
  version "0.16.16"
  resolved "https://registry.yarnpkg.com/@esbuild/android-arm/-/android-arm-0.16.16.tgz#23761b2fd1dfa4806161dbfc9e0824f04061cb95"
  integrity sha512-BUuWMlt4WSXod1HSl7aGK8fJOsi+Tab/M0IDK1V1/GstzoOpqc/v3DqmN8MkuapPKQ9Br1WtLAN4uEgWR8x64A==

"@esbuild/android-x64@0.16.16":
  version "0.16.16"
  resolved "https://registry.yarnpkg.com/@esbuild/android-x64/-/android-x64-0.16.16.tgz#ffa09f04c0ffea5b594ab7655fc9ca1220365e9b"
  integrity sha512-9WhxJpeb6XumlfivldxqmkJepEcELekmSw3NkGrs+Edq6sS5KRxtUBQuKYDD7KqP59dDkxVbaoPIQFKWQG0KLg==

"@esbuild/darwin-arm64@0.16.16":
  version "0.16.16"
  resolved "https://registry.yarnpkg.com/@esbuild/darwin-arm64/-/darwin-arm64-0.16.16.tgz#62ed2b4bfab594b9e5e708580361f1d059b53b26"
  integrity sha512-8Z+wld+vr/prHPi2O0X7o1zQOfMbXWGAw9hT0jEyU/l/Yrg+0Z3FO9pjPho72dVkZs4ewZk0bDOFLdZHm8jEfw==

"@esbuild/darwin-x64@0.16.16":
  version "0.16.16"
  resolved "https://registry.yarnpkg.com/@esbuild/darwin-x64/-/darwin-x64-0.16.16.tgz#e9756d34cd9b3737a5354e89ca0fdca32d8df64c"
  integrity sha512-CYkxVvkZzGCqFrt7EgjFxQKhlUPyDkuR9P0Y5wEcmJqVI8ncerOIY5Kej52MhZyzOBXkYrJgZeVZC9xXXoEg9A==

"@esbuild/freebsd-arm64@0.16.16":
  version "0.16.16"
  resolved "https://registry.yarnpkg.com/@esbuild/freebsd-arm64/-/freebsd-arm64-0.16.16.tgz#db7bce444d372e5a213a3f359c42aee3acc0dd45"
  integrity sha512-fxrw4BYqQ39z/3Ja9xj/a1gMsVq0xEjhSyI4a9MjfvDDD8fUV8IYliac96i7tzZc3+VytyXX+XNsnpEk5sw5Wg==

"@esbuild/freebsd-x64@0.16.16":
  version "0.16.16"
  resolved "https://registry.yarnpkg.com/@esbuild/freebsd-x64/-/freebsd-x64-0.16.16.tgz#02e8a81b7e56040b5eb883896de445a6cd3501f0"
  integrity sha512-8p3v1D+du2jiDvSoNVimHhj7leSfST9YlKsAEO7etBfuqjaBMndo0fmjNLp0JCMld+XIx9L80tooOkyUv1a1PQ==

"@esbuild/linux-arm64@0.16.16":
  version "0.16.16"
  resolved "https://registry.yarnpkg.com/@esbuild/linux-arm64/-/linux-arm64-0.16.16.tgz#ea8c3df172644fa6437f0083c2a38b50f89e5b98"
  integrity sha512-N3u6BBbCVY3xeP2D8Db7QY8I+nZ+2AgOopUIqk+5yCoLnsWkcVxD2ay5E9iIdvApFi1Vg1lZiiwaVp8bOpAc4A==

"@esbuild/linux-arm@0.16.16":
  version "0.16.16"
  resolved "https://registry.yarnpkg.com/@esbuild/linux-arm/-/linux-arm-0.16.16.tgz#c1c2e97e67bb7247e6f60e2644de057bfedb8cbb"
  integrity sha512-bYaocE1/PTMRmkgSckZ0D0Xn2nox8v2qlk+MVVqm+VECNKDdZvghVZtH41dNtBbwADSvA6qkCHGYeWm9LrNCBw==

"@esbuild/linux-ia32@0.16.16":
  version "0.16.16"
  resolved "https://registry.yarnpkg.com/@esbuild/linux-ia32/-/linux-ia32-0.16.16.tgz#9a0b0e926926f891a3e7f7c50bb38e3db49c2c9a"
  integrity sha512-dxjqLKUW8GqGemoRT9v8IgHk+T4tRm1rn1gUcArsp26W9EkK/27VSjBVUXhEG5NInHZ92JaQ3SSMdTwv/r9a2A==

"@esbuild/linux-loong64@0.16.16":
  version "0.16.16"
  resolved "https://registry.yarnpkg.com/@esbuild/linux-loong64/-/linux-loong64-0.16.16.tgz#c5a50ff5981d457ed45f42c3f06a60086759c79b"
  integrity sha512-MdUFggHjRiCCwNE9+1AibewoNq6wf94GLB9Q9aXwl+a75UlRmbRK3h6WJyrSGA6ZstDJgaD2wiTSP7tQNUYxwA==

"@esbuild/linux-mips64el@0.16.16":
  version "0.16.16"
  resolved "https://registry.yarnpkg.com/@esbuild/linux-mips64el/-/linux-mips64el-0.16.16.tgz#e85b7e3c25000be2ae373e5208e55e282a9763e0"
  integrity sha512-CO3YmO7jYMlGqGoeFeKzdwx/bx8Vtq/SZaMAi+ZLDUnDUdfC7GmGwXzIwDJ70Sg+P9pAemjJyJ1icKJ9R3q/Fg==

"@esbuild/linux-ppc64@0.16.16":
  version "0.16.16"
  resolved "https://registry.yarnpkg.com/@esbuild/linux-ppc64/-/linux-ppc64-0.16.16.tgz#24a0013bf727830df44fece571172ebe31b5c5e6"
  integrity sha512-DSl5Czh5hCy/7azX0Wl9IdzPHX2H8clC6G87tBnZnzUpNgRxPFhfmArbaHoAysu4JfqCqbB/33u/GL9dUgCBAw==

"@esbuild/linux-riscv64@0.16.16":
  version "0.16.16"
  resolved "https://registry.yarnpkg.com/@esbuild/linux-riscv64/-/linux-riscv64-0.16.16.tgz#b080998d8d0480e8235f1384c585ae505e98a19d"
  integrity sha512-sSVVMEXsqf1fQu0j7kkhXMViroixU5XoaJXl1u/u+jbXvvhhCt9YvA/B6VM3aM/77HuRQ94neS5bcisijGnKFQ==

"@esbuild/linux-s390x@0.16.16":
  version "0.16.16"
  resolved "https://registry.yarnpkg.com/@esbuild/linux-s390x/-/linux-s390x-0.16.16.tgz#5042de05b9b653dfd134f05e1b37b61704c14c42"
  integrity sha512-jRqBCre9gZGoCdCN/UWCCMwCMsOg65IpY9Pyj56mKCF5zXy9d60kkNRdDN6YXGjr3rzcC4DXnS/kQVCGcC4yPQ==

"@esbuild/linux-x64@0.16.16":
  version "0.16.16"
  resolved "https://registry.yarnpkg.com/@esbuild/linux-x64/-/linux-x64-0.16.16.tgz#b7c0750f2276c9dcf41f0f2229adca46ef22f698"
  integrity sha512-G1+09TopOzo59/55lk5Q0UokghYLyHTKKzD5lXsAOOlGDbieGEFJpJBr3BLDbf7cz89KX04sBeExAR/pL/26sA==

"@esbuild/netbsd-x64@0.16.16":
  version "0.16.16"
  resolved "https://registry.yarnpkg.com/@esbuild/netbsd-x64/-/netbsd-x64-0.16.16.tgz#e2a0ee181fbbe834174d26e24ce1b258232bb3eb"
  integrity sha512-xwjGJB5wwDEujLaJIrSMRqWkbigALpBNcsF9SqszoNKc+wY4kPTdKrSxiY5ik3IatojePP+WV108MvF6q6np4w==

"@esbuild/openbsd-x64@0.16.16":
  version "0.16.16"
  resolved "https://registry.yarnpkg.com/@esbuild/openbsd-x64/-/openbsd-x64-0.16.16.tgz#87a84c1932e00f52ab3380c31facf0e48086ffb9"
  integrity sha512-yeERkoxG2nR2oxO5n+Ms7MsCeNk23zrby2GXCqnfCpPp7KNc0vxaaacIxb21wPMfXXRhGBrNP4YLIupUBrWdlg==

"@esbuild/sunos-x64@0.16.16":
  version "0.16.16"
  resolved "https://registry.yarnpkg.com/@esbuild/sunos-x64/-/sunos-x64-0.16.16.tgz#996bcd2603cd345733c3aa5f52bfd5b8fa7d1d36"
  integrity sha512-nHfbEym0IObXPhtX6Va3H5GaKBty2kdhlAhKmyCj9u255ktAj0b1YACUs9j5H88NRn9cJCthD1Ik/k9wn8YKVg==

"@esbuild/win32-arm64@0.16.16":
  version "0.16.16"
  resolved "https://registry.yarnpkg.com/@esbuild/win32-arm64/-/win32-arm64-0.16.16.tgz#404a9411d12533d0f2ce0a85df6ddb32e851ef04"
  integrity sha512-pdD+M1ZOFy4hE15ZyPX09fd5g4DqbbL1wXGY90YmleVS6Y5YlraW4BvHjim/X/4yuCpTsAFvsT4Nca2lbyDH/A==

"@esbuild/win32-ia32@0.16.16":
  version "0.16.16"
  resolved "https://registry.yarnpkg.com/@esbuild/win32-ia32/-/win32-ia32-0.16.16.tgz#bb5655a48f5f87fee870061883411f5149bc5e44"
  integrity sha512-IPEMfU9p0c3Vb8PqxaPX6BM9rYwlTZGYOf9u+kMdhoILZkVKEjq6PKZO0lB+isojWwAnAqh4ZxshD96njTXajg==

"@esbuild/win32-x64@0.16.16":
  version "0.16.16"
  resolved "https://registry.yarnpkg.com/@esbuild/win32-x64/-/win32-x64-0.16.16.tgz#ee22fed0b2e0c00ce895cdfae9d32ef069a12e04"
  integrity sha512-1YYpoJ39WV/2bnShPwgdzJklc+XS0bysN6Tpnt1cWPdeoKOG4RMEY1g7i534QxXX/rPvNx/NLJQTTCeORYzipg==

"@swc/core-darwin-arm64@1.3.25":
  version "1.3.25"
  resolved "https://registry.yarnpkg.com/@swc/core-darwin-arm64/-/core-darwin-arm64-1.3.25.tgz#01ce7b8a88b545a4fc5283ed6f96b22c5733d6c4"
  integrity sha512-8PWAVcjTJyj2VrqPBFOIi2w2P0Z8kOCbzHW3+pe+bSXxfGMG0MKPl5U2IXhsEL0ovm4xSFlqW0yygpoP3MmRPw==

"@swc/core-darwin-x64@1.3.25":
  version "1.3.25"
  resolved "https://registry.yarnpkg.com/@swc/core-darwin-x64/-/core-darwin-x64-1.3.25.tgz#9fad102c507011f42c5a5d1f84919b81ab96d7f8"
  integrity sha512-5DHGiMYFEj5aa208tCjo7Sn5tiG4xPz+4gUiWVlglxqXFptkNim5xu/1G6VYm5Zk7dI5jJkjTU76GQG7IRvPug==

"@swc/core-linux-arm-gnueabihf@1.3.25":
  version "1.3.25"
  resolved "https://registry.yarnpkg.com/@swc/core-linux-arm-gnueabihf/-/core-linux-arm-gnueabihf-1.3.25.tgz#ecf3a34899fdbdc742523524caab29c0db97a6ad"
  integrity sha512-YNfLxv9PhZk+jrJbpR1mMrYBUkufo0hiFv3S1OrX3l8edsIP4wPND5w9ZH0Oi898f6Jg9DBrY2zXJMQ+gWkbvA==

"@swc/core-linux-arm64-gnu@1.3.25":
  version "1.3.25"
  resolved "https://registry.yarnpkg.com/@swc/core-linux-arm64-gnu/-/core-linux-arm64-gnu-1.3.25.tgz#50524c9db2dbf874570e45f0a66e0283f02bc2d9"
  integrity sha512-kS+spM5/xQ6QvWF1ms3byfjnhUlpjTfFwgCyHnIKgjvsYkDa+vkAIhKq6HuEdaTPaCRCjts0Zarhub1nClUU0g==

"@swc/core-linux-arm64-musl@1.3.25":
  version "1.3.25"
  resolved "https://registry.yarnpkg.com/@swc/core-linux-arm64-musl/-/core-linux-arm64-musl-1.3.25.tgz#f04a3d3784cff14f96ad9901861485ec0fa14ebf"
  integrity sha512-vM3D7LWmjotUAJ2D4F+L+dspFeWrcPNVh0o8TCoTOYCt8DPD5YsUKTpIgOsZ+gReeWUAnNTh0Btx5pGGVfajGA==

"@swc/core-linux-x64-gnu@1.3.25":
  version "1.3.25"
  resolved "https://registry.yarnpkg.com/@swc/core-linux-x64-gnu/-/core-linux-x64-gnu-1.3.25.tgz#761fb020b8a0130e4dccc9c8dce355fa06df63f4"
  integrity sha512-xUCLLMDlYa/zB8BftVa4SrxuVpcDxkltCfmBg5r2pZPVskhC5ZJsQZ/AvWNChoAB11shRhjTaWDlmxJEsa7TIg==

"@swc/core-linux-x64-musl@1.3.25":
  version "1.3.25"
  resolved "https://registry.yarnpkg.com/@swc/core-linux-x64-musl/-/core-linux-x64-musl-1.3.25.tgz#f944ee48c972ebdcb3e6d6fd62d67eb98dbb1268"
  integrity sha512-QzHU3BIaUVRSFNsUn3Qxx1vgtF/f5NqsFMAAPSq9Y8Yq5nrlc2t7cNuOROxHLbUqE+NPUp6+RglleJMoeWz5mA==

"@swc/core-win32-arm64-msvc@1.3.25":
  version "1.3.25"
  resolved "https://registry.yarnpkg.com/@swc/core-win32-arm64-msvc/-/core-win32-arm64-msvc-1.3.25.tgz#af63ae850ef6e7322e8a5a0959529e96096239d2"
  integrity sha512-77VSVtneVOAUL4zkRyQZ6pWVpTsVVdqwly/DKnRnloglGKxYuk5DG5MUBsL72Nnfv4OCHjZ27eI3NUrpLsUb2Q==

"@swc/core-win32-ia32-msvc@1.3.25":
  version "1.3.25"
  resolved "https://registry.yarnpkg.com/@swc/core-win32-ia32-msvc/-/core-win32-ia32-msvc-1.3.25.tgz#96a869aa4b4c41c44c9c9893ac4aad68d1233022"
  integrity sha512-kz0v3K3H6OPEZR3ry72Ad/6C5GrZBRRUk69K58LORQ8tZXQD3UGl85pUbQqyHl8fR5NU76Muxgovj9CI9iTHGA==

"@swc/core-win32-x64-msvc@1.3.25":
  version "1.3.25"
  resolved "https://registry.yarnpkg.com/@swc/core-win32-x64-msvc/-/core-win32-x64-msvc-1.3.25.tgz#9035c11626653322a404f3f44af11a02d989094c"
  integrity sha512-nmQOAzIpNRRnupWzkenJmW4i+h1M76cVNUqEU2MjmtesEkRZEGqv//jefXiyCP2zcbeLNLKiB2ptVJhpd1BvRA==

"@swc/core@^1.3.22":
  version "1.3.25"
  resolved "https://registry.yarnpkg.com/@swc/core/-/core-1.3.25.tgz#53786ea51fac319684d6822de1738eb55b73a4b7"
  integrity sha512-wqzvM/wu6OsTVYPMStOpm7kIQcPX3GoZ0sC85qzDdsCxmJ1rmItLAD91sXPUmmdk0XqPYjLgT9MRDEIP5woz4g==
  optionalDependencies:
    "@swc/core-darwin-arm64" "1.3.25"
    "@swc/core-darwin-x64" "1.3.25"
    "@swc/core-linux-arm-gnueabihf" "1.3.25"
    "@swc/core-linux-arm64-gnu" "1.3.25"
    "@swc/core-linux-arm64-musl" "1.3.25"
    "@swc/core-linux-x64-gnu" "1.3.25"
    "@swc/core-linux-x64-musl" "1.3.25"
    "@swc/core-win32-arm64-msvc" "1.3.25"
    "@swc/core-win32-ia32-msvc" "1.3.25"
    "@swc/core-win32-x64-msvc" "1.3.25"

"@types/datatables.net@^1.10.24":
  version "1.10.24"
  resolved "https://registry.yarnpkg.com/@types/datatables.net/-/datatables.net-1.10.24.tgz#8b432218d72b012448dbf18ce18ee900a3f2f1ec"
  integrity sha512-Qb82/7Gn0bU36YLiv0MdaqKzhTLfRO9qPvFdkW0miQ6ATMG47aoPn2r//zTvGd3oPSt+Lzp1HSsjP6rZRuki8g==
  dependencies:
    "@types/jquery" "*"

"@types/jquery@*", "@types/jquery@^3.5.16":
  version "3.5.16"
  resolved "https://registry.yarnpkg.com/@types/jquery/-/jquery-3.5.16.tgz#632131baf30951915b0317d48c98e9890bdf051d"
  integrity sha512-bsI7y4ZgeMkmpG9OM710RRzDFp+w4P1RGiIt30C1mSBT+ExCleeh4HObwgArnDFELmRrOpXgSYN9VF1hj+f1lw==
  dependencies:
    "@types/sizzle" "*"

"@types/node@^18.11.18":
  version "18.11.18"
  resolved "https://registry.yarnpkg.com/@types/node/-/node-18.11.18.tgz#8dfb97f0da23c2293e554c5a50d61ef134d7697f"
  integrity sha512-DHQpWGjyQKSHj3ebjFI/wRKcqQcdR+MoFBygntYOZytCqNfkd2ZC4ARDJ2DQqhjH5p85Nnd3jhUJIXrszFX/JA==

"@types/prop-types@*":
  version "15.7.5"
  resolved "https://registry.yarnpkg.com/@types/prop-types/-/prop-types-15.7.5.tgz#5f19d2b85a98e9558036f6a3cacc8819420f05cf"
  integrity sha512-JCB8C6SnDoQf0cNycqd/35A7MjcnK+ZTqE7judS6o7utxUCg6imJg3QK2qzHKszlTjcj2cn+NwMB2i96ubpj7w==

"@types/react-dom@^18.0.9":
  version "18.0.10"
  resolved "https://registry.yarnpkg.com/@types/react-dom/-/react-dom-18.0.10.tgz#3b66dec56aa0f16a6cc26da9e9ca96c35c0b4352"
  integrity sha512-E42GW/JA4Qv15wQdqJq8DL4JhNpB3prJgjgapN3qJT9K2zO5IIAQh4VXvCEDupoqAwnz0cY4RlXeC/ajX5SFHg==
  dependencies:
    "@types/react" "*"

"@types/react@*", "@types/react@^18.0.26":
  version "18.0.26"
  resolved "https://registry.yarnpkg.com/@types/react/-/react-18.0.26.tgz#8ad59fc01fef8eaf5c74f4ea392621749f0b7917"
  integrity sha512-hCR3PJQsAIXyxhTNSiDFY//LhnMZWpNNr5etoCqx/iUfGc5gXWtQR2Phl908jVR6uPXacojQWTg4qRpkxTuGug==
  dependencies:
    "@types/prop-types" "*"
    "@types/scheduler" "*"
    csstype "^3.0.2"

"@types/scheduler@*":
  version "0.16.2"
  resolved "https://registry.yarnpkg.com/@types/scheduler/-/scheduler-0.16.2.tgz#1a62f89525723dde24ba1b01b092bf5df8ad4d39"
  integrity sha512-hppQEBDmlwhFAXKJX2KnWLYu5yMfi91yazPb2l+lbJiwW+wdo1gNeRA+3RgNSO39WYX2euey41KEwnqesU2Jew==

"@types/sizzle@*":
  version "2.3.3"
  resolved "https://registry.yarnpkg.com/@types/sizzle/-/sizzle-2.3.3.tgz#ff5e2f1902969d305225a047c8a0fd5c915cebef"
  integrity sha512-JYM8x9EGF163bEyhdJBpR2QX1R5naCJHC8ucJylJ3w9/CVBaskdQ8WqBf8MmQrd1kRvp/a4TS8HJ+bxzR7ZJYQ==

"@vitejs/plugin-react-swc@^3.0.0":
  version "3.0.1"
  resolved "https://registry.yarnpkg.com/@vitejs/plugin-react-swc/-/plugin-react-swc-3.0.1.tgz#7c904f889967f2240e04ac13582399a061468990"
  integrity sha512-3GQ2oruZO9j8dSHcI0MUeOZQBhjYyDQsF/pKY4Px+CJxn0M16OhgFeEzUjeuwci4zhhjoNIDE9aFNaV5GMQ09g==
  dependencies:
    "@swc/core" "^1.3.22"

csstype@^3.0.2:
  version "3.1.1"
  resolved "https://registry.yarnpkg.com/csstype/-/csstype-3.1.1.tgz#841b532c45c758ee546a11d5bd7b7b473c8c30b9"
  integrity sha512-DJR/VvkAvSZW9bTouZue2sSxDwdTN92uHjqeKVm+0dAqdfNykRzQ95tay8aXMBAAPpUiq4Qcug2L7neoRh2Egw==

datatables.net-dt@^1.13.1:
  version "1.13.1"
  resolved "https://registry.yarnpkg.com/datatables.net-dt/-/datatables.net-dt-1.13.1.tgz#c3e31c8ae85dabe6895e740f6fbe0ed2e8276c39"
  integrity sha512-J5ul/Y+Hpyfh8y02DKwgbmUij4e4R6bstnx4iYvY7FV2b2XuCP0Qow/Uuc0gtxDHSz2bTsoeRHqg4teoGftVDg==
  dependencies:
    datatables.net ">=1.12.1"
    jquery ">=1.7"

datatables.net@>=1.12.1, datatables.net@^1.13.1:
  version "1.13.1"
  resolved "https://registry.yarnpkg.com/datatables.net/-/datatables.net-1.13.1.tgz#199f7cb63f4536c135e161f95254212835a1c130"
  integrity sha512-cX5dDHsbVdLLYKsWOSE0MvuGUcV88zU5dZ/taK2puJV6F9Fw0CFsP3+U/kr+qpDSFOBLWISRyM4Q9wWWovPTNg==
  dependencies:
    jquery ">=1.7"

esbuild@^0.16.3:
  version "0.16.16"
  resolved "https://registry.yarnpkg.com/esbuild/-/esbuild-0.16.16.tgz#e8a27820a30cc1449066f9bbe8916b145dbc9046"
  integrity sha512-24JyKq10KXM5EBIgPotYIJ2fInNWVVqflv3gicIyQqfmUqi4HvDW1VR790cBgLJHCl96Syy7lhoz7tLFcmuRmg==
  optionalDependencies:
    "@esbuild/android-arm" "0.16.16"
    "@esbuild/android-arm64" "0.16.16"
    "@esbuild/android-x64" "0.16.16"
    "@esbuild/darwin-arm64" "0.16.16"
    "@esbuild/darwin-x64" "0.16.16"
    "@esbuild/freebsd-arm64" "0.16.16"
    "@esbuild/freebsd-x64" "0.16.16"
    "@esbuild/linux-arm" "0.16.16"
    "@esbuild/linux-arm64" "0.16.16"
    "@esbuild/linux-ia32" "0.16.16"
    "@esbuild/linux-loong64" "0.16.16"
    "@esbuild/linux-mips64el" "0.16.16"
    "@esbuild/linux-ppc64" "0.16.16"
    "@esbuild/linux-riscv64" "0.16.16"
    "@esbuild/linux-s390x" "0.16.16"
    "@esbuild/linux-x64" "0.16.16"
    "@esbuild/netbsd-x64" "0.16.16"
    "@esbuild/openbsd-x64" "0.16.16"
    "@esbuild/sunos-x64" "0.16.16"
    "@esbuild/win32-arm64" "0.16.16"
    "@esbuild/win32-ia32" "0.16.16"
    "@esbuild/win32-x64" "0.16.16"

fsevents@~2.3.2:
  version "2.3.2"
  resolved "https://registry.yarnpkg.com/fsevents/-/fsevents-2.3.2.tgz#8a526f78b8fdf4623b709e0b975c52c24c02fd1a"
  integrity sha512-xiqMQR4xAeHTuB9uWm+fFRcIOgKBMiOBP+eXiyT7jsgVCq1bkVygt00oASowB7EdtpOHaaPgKt812P9ab+DDKA==

function-bind@^1.1.1:
  version "1.1.1"
  resolved "https://registry.yarnpkg.com/function-bind/-/function-bind-1.1.1.tgz#a56899d3ea3c9bab874bb9773b7c5ede92f4895d"
  integrity sha512-yIovAzMX49sF8Yl58fSCWJ5svSLuaibPxXQJFLmBObTuCr0Mf1KiPopGM9NiFjiYBCbfaa2Fh6breQ6ANVTI0A==

has@^1.0.3:
  version "1.0.3"
  resolved "https://registry.yarnpkg.com/has/-/has-1.0.3.tgz#722d7cbfc1f6aa8241f16dd814e011e1f41e8796"
  integrity sha512-f2dvO0VU6Oej7RkWJGrehjbzMAjFp5/VKPp5tTpWIV4JHHZK1/BxbFRtf/siA2SWTe09caDmVtYYzWEIbBS4zw==
  dependencies:
    function-bind "^1.1.1"

is-core-module@^2.9.0:
  version "2.11.0"
  resolved "https://registry.yarnpkg.com/is-core-module/-/is-core-module-2.11.0.tgz#ad4cb3e3863e814523c96f3f58d26cc570ff0144"
  integrity sha512-RRjxlvLDkD1YJwDbroBHMb+cukurkDWNyHx7D3oNB5x9rb5ogcksMC5wHCadcXoo67gVr/+3GFySh3134zi6rw==
  dependencies:
    has "^1.0.3"

jquery@>=1.7, jquery@^3.6.3:
  version "3.6.3"
  resolved "https://registry.yarnpkg.com/jquery/-/jquery-3.6.3.tgz#23ed2ffed8a19e048814f13391a19afcdba160e6"
  integrity sha512-bZ5Sy3YzKo9Fyc8wH2iIQK4JImJ6R0GWI9kL1/k7Z91ZBNgkRXE6U0JfHIizZbort8ZunhSI3jw9I6253ahKfg==

"js-tokens@^3.0.0 || ^4.0.0":
  version "4.0.0"
  resolved "https://registry.yarnpkg.com/js-tokens/-/js-tokens-4.0.0.tgz#19203fb59991df98e3a287050d4647cdeaf32499"
  integrity sha512-RdJUflcE3cUzKiMqQgsCu06FPu9UdIJO0beYbPhHN4k6apgJtifcoCtT9bcxOpYBtpD2kCM6Sbzg4CausW/PKQ==

loose-envify@^1.1.0:
  version "1.4.0"
  resolved "https://registry.yarnpkg.com/loose-envify/-/loose-envify-1.4.0.tgz#71ee51fa7be4caec1a63839f7e682d8132d30caf"
  integrity sha512-lyuxPGr/Wfhrlem2CL/UcnUc1zcqKAImBDzukY7Y5F/yQiNdko6+fRLevlw1HgMySw7f611UIY408EtxRSoK3Q==
  dependencies:
    js-tokens "^3.0.0 || ^4.0.0"

nanoid@^3.3.4:
  version "3.3.4"
  resolved "https://registry.yarnpkg.com/nanoid/-/nanoid-3.3.4.tgz#730b67e3cd09e2deacf03c027c81c9d9dbc5e8ab"
  integrity sha512-MqBkQh/OHTS2egovRtLk45wEyNXwF+cokD+1YPf9u5VfJiRdAiRwB2froX5Co9Rh20xs4siNPm8naNotSD6RBw==

path-parse@^1.0.7:
  version "1.0.7"
  resolved "https://registry.yarnpkg.com/path-parse/-/path-parse-1.0.7.tgz#fbc114b60ca42b30d9daf5858e4bd68bbedb6735"
  integrity sha512-LDJzPVEEEPR+y48z93A0Ed0yXb8pAByGWo/k5YYdYgpY2/2EsOsksJrq7lOHxryrVOn1ejG6oAp8ahvOIQD8sw==

picocolors@^1.0.0:
  version "1.0.0"
  resolved "https://registry.yarnpkg.com/picocolors/-/picocolors-1.0.0.tgz#cb5bdc74ff3f51892236eaf79d68bc44564ab81c"
  integrity sha512-1fygroTLlHu66zi26VoTDv8yRgm0Fccecssto+MhsZ0D/DGW2sm8E8AjW7NU5VVTRt5GxbeZ5qBuJr+HyLYkjQ==

postcss@^8.4.20:
  version "8.4.21"
  resolved "https://registry.yarnpkg.com/postcss/-/postcss-8.4.21.tgz#c639b719a57efc3187b13a1d765675485f4134f4"
  integrity sha512-tP7u/Sn/dVxK2NnruI4H9BG+x+Wxz6oeZ1cJ8P6G/PZY0IKk4k/63TDsQf2kQq3+qoJeLm2kIBUNlZe3zgb4Zg==
  dependencies:
    nanoid "^3.3.4"
    picocolors "^1.0.0"
    source-map-js "^1.0.2"

react-dom@^18.2.0:
  version "18.2.0"
  resolved "https://registry.yarnpkg.com/react-dom/-/react-dom-18.2.0.tgz#22aaf38708db2674ed9ada224ca4aa708d821e3d"
  integrity sha512-6IMTriUmvsjHUjNtEDudZfuDQUoWXVxKHhlEGSk81n4YFS+r/Kl99wXiwlVXtPBtJenozv2P+hxDsw9eA7Xo6g==
  dependencies:
    loose-envify "^1.1.0"
    scheduler "^0.23.0"

react@^18.2.0:
  version "18.2.0"
  resolved "https://registry.yarnpkg.com/react/-/react-18.2.0.tgz#555bd98592883255fa00de14f1151a917b5d77d5"
  integrity sha512-/3IjMdb2L9QbBdWiW5e3P2/npwMBaU9mHCSCUzNln0ZCYbcfTsGbTJrU/kGemdH2IWmB2ioZ+zkxtmq6g09fGQ==
  dependencies:
    loose-envify "^1.1.0"

resolve@^1.22.1:
  version "1.22.1"
  resolved "https://registry.yarnpkg.com/resolve/-/resolve-1.22.1.tgz#27cb2ebb53f91abb49470a928bba7558066ac177"
  integrity sha512-nBpuuYuY5jFsli/JIs1oldw6fOQCBioohqWZg/2hiaOybXOft4lonv85uDOKXdf8rhyK159cxU5cDcK/NKk8zw==
  dependencies:
    is-core-module "^2.9.0"
    path-parse "^1.0.7"
    supports-preserve-symlinks-flag "^1.0.0"

rollup@^3.7.0:
  version "3.9.1"
  resolved "https://registry.yarnpkg.com/rollup/-/rollup-3.9.1.tgz#27501d3d026418765fe379d5620d25954ff2a011"
  integrity sha512-GswCYHXftN8ZKGVgQhTFUJB/NBXxrRGgO2NCy6E8s1rwEJ4Q9/VttNqcYfEvx4dTo4j58YqdC3OVztPzlKSX8w==
  optionalDependencies:
    fsevents "~2.3.2"

scheduler@^0.23.0:
  version "0.23.0"
  resolved "https://registry.yarnpkg.com/scheduler/-/scheduler-0.23.0.tgz#ba8041afc3d30eb206a487b6b384002e4e61fdfe"
  integrity sha512-CtuThmgHNg7zIZWAXi3AsyIzA3n4xx7aNyjwC2VJldO2LMVDhFK+63xGqq6CsJH4rTAt6/M+N4GhZiDYPx9eUw==
  dependencies:
    loose-envify "^1.1.0"

source-map-js@^1.0.2:
  version "1.0.2"
  resolved "https://registry.yarnpkg.com/source-map-js/-/source-map-js-1.0.2.tgz#adbc361d9c62df380125e7f161f71c826f1e490c"
  integrity sha512-R0XvVJ9WusLiqTCEiGCmICCMplcCkIwwR11mOSD9CR5u+IXYdiseeEuXCVAjS54zqwkLcPNnmU4OeJ6tUrWhDw==

supports-preserve-symlinks-flag@^1.0.0:
  version "1.0.0"
  resolved "https://registry.yarnpkg.com/supports-preserve-symlinks-flag/-/supports-preserve-symlinks-flag-1.0.0.tgz#6eda4bd344a3c94aea376d4cc31bc77311039e09"
  integrity sha512-ot0WnXS9fgdkgIcePe6RHNk1WA8+muPa6cSjeR3V8K27q9BB1rTE3R1p7Hv0z1ZyAc8s6Vvv8DIyWf681MAt0w==

typescript@^4.9.3:
  version "4.9.4"
  resolved "https://registry.yarnpkg.com/typescript/-/typescript-4.9.4.tgz#a2a3d2756c079abda241d75f149df9d561091e78"
  integrity sha512-Uz+dTXYzxXXbsFpM86Wh3dKCxrQqUcVMxwU54orwlJjOpO3ao8L7j5lH+dWfTwgCwIuM9GQ2kvVotzYJMXTBZg==

vite@^4.0.0:
  version "4.0.4"
  resolved "https://registry.yarnpkg.com/vite/-/vite-4.0.4.tgz#4612ce0b47bbb233a887a54a4ae0c6e240a0da31"
  integrity sha512-xevPU7M8FU0i/80DMR+YhgrzR5KS2ORy1B4xcX/cXLsvnUWvfHuqMmVU6N0YiJ4JWGRJJsLCgjEzKjG9/GKoSw==
  dependencies:
    esbuild "^0.16.3"
    postcss "^8.4.20"
    resolve "^1.22.1"
    rollup "^3.7.0"
  optionalDependencies:
    fsevents "~2.3.2"
